
Microsoft Visual Studio Solution File, Format Version 12.00
# Visual Studio Version 17
VisualStudioVersion = 17.5.33627.172
MinimumVisualStudioVersion = 10.0.40219.1
Project("{9A19103F-16F7-4668-BE54-9A1E7A4F7556}") = "AzureFunctionTangyWeb", "AzureFunctionTangyWeb\AzureFunctionTangyWeb.csproj", "{9207C26C-A0D8-4897-83F9-1D7776A2C70A}"
EndProject
Project("{FAE04EC0-301F-11D3-BF4B-00C04F79EFBC}") = "AzureTangyFunc", "AzureTangyFunc\AzureTangyFunc.csproj", "{61E5A7D7-3166-49F3-81E8-106E433C864F}"
EndProject
Global
	GlobalSection(SolutionConfigurationPlatforms) = preSolution
		Debug|Any CPU = Debug|Any CPU
		Release|Any CPU = Release|Any CPU
	EndGlobalSection
	GlobalSection(ProjectConfigurationPlatforms) = postSolution
		{9207C26C-A0D8-4897-83F9-1D7776A2C70A}.Debug|Any CPU.ActiveCfg = Debug|Any CPU
		{9207C26C-A0D8-4897-83F9-1D7776A2C70A}.Debug|Any CPU.Build.0 = Debug|Any CPU
		{9207C26C-A0D8-4897-83F9-1D7776A2C70A}.Release|Any CPU.ActiveCfg = Release|Any CPU
		{9207C26C-A0D8-4897-83F9-1D7776A2C70A}.Release|Any CPU.Build.0 = Release|Any CPU
		{61E5A7D7-3166-49F3-81E8-106E433C864F}.Debug|Any CPU.ActiveCfg = Debug|Any CPU
		{61E5A7D7-3166-49F3-81E8-106E433C864F}.Debug|Any CPU.Build.0 = Debug|Any CPU
		{61E5A7D7-3166-49F3-81E8-106E433C864F}.Release|Any CPU.ActiveCfg = Release|Any CPU
		{61E5A7D7-3166-49F3-81E8-106E433C864F}.Release|Any CPU.Build.0 = Release|Any CPU
	EndGlobalSection
	GlobalSection(SolutionProperties) = preSolution
		HideSolutionNode = FALSE
	EndGlobalSection
	GlobalSection(ExtensibilityGlobals) = postSolution
		SolutionGuid = {BA7FF722-613A-40C3-94AD-78EF2CAA678C}
	EndGlobalSection
EndGlobal
